// !$*UTF8*$!
{
	archiveVersion = 1;
	classes = {
	};
	objectVersion = 50;
	objects = {

/* Begin PBXBuildFile section */
		D43767AD241038E300AF87D0 /* Cocoa.framework in Frameworks */ = {isa = PBXBuildFile; fileRef = D4E8126C23EA232F00B90200 /* Cocoa.framework */; };
		D43767AE241038E300AF87D0 /* GLKit.framework in Frameworks */ = {isa = PBXBuildFile; fileRef = D4E8126823EA232400B90200 /* GLKit.framework */; };
		D43767AF241038E300AF87D0 /* GLUT.framework in Frameworks */ = {isa = PBXBuildFile; fileRef = D4E8126623EA231F00B90200 /* GLUT.framework */; };
		D43767B0241038E300AF87D0 /* OpenGL.framework in Frameworks */ = {isa = PBXBuildFile; fileRef = D4E8126A23EA232900B90200 /* OpenGL.framework */; };
		D43767B924103AE700AF87D0 /* hw1.cpp in Sources */ = {isa = PBXBuildFile; fileRef = D4E8125823EA05FE00B90200 /* hw1.cpp */; };
		D43767CE24103BA100AF87D0 /* Mesh.cpp in Sources */ = {isa = PBXBuildFile; fileRef = D43767C324103BA100AF87D0 /* Mesh.cpp */; };
		D43767CF24103BA100AF87D0 /* Vertex.cpp in Sources */ = {isa = PBXBuildFile; fileRef = D43767C924103BA100AF87D0 /* Vertex.cpp */; };
		D43767D124103EE100AF87D0 /* hw2.cpp in Sources */ = {isa = PBXBuildFile; fileRef = D43767A7241038CF00AF87D0 /* hw2.cpp */; };
		D4E8126723EA231F00B90200 /* GLUT.framework in Frameworks */ = {isa = PBXBuildFile; fileRef = D4E8126623EA231F00B90200 /* GLUT.framework */; };
		D4E8126923EA232400B90200 /* GLKit.framework in Frameworks */ = {isa = PBXBuildFile; fileRef = D4E8126823EA232400B90200 /* GLKit.framework */; };
		D4E8126B23EA232900B90200 /* OpenGL.framework in Frameworks */ = {isa = PBXBuildFile; fileRef = D4E8126A23EA232900B90200 /* OpenGL.framework */; };
		D4E8126D23EA232F00B90200 /* Cocoa.framework in Frameworks */ = {isa = PBXBuildFile; fileRef = D4E8126C23EA232F00B90200 /* Cocoa.framework */; };
/* End PBXBuildFile section */

/* Begin PBXCopyFilesBuildPhase section */
		D43767B1241038E300AF87D0 /* CopyFiles */ = {
			isa = PBXCopyFilesBuildPhase;
			buildActionMask = 2147483647;
			dstPath = /usr/share/man/man1/;
			dstSubfolderSpec = 0;
			files = (
			);
			runOnlyForDeploymentPostprocessing = 1;
		};
		D4E8125323EA05FE00B90200 /* CopyFiles */ = {
			isa = PBXCopyFilesBuildPhase;
			buildActionMask = 2147483647;
			dstPath = /usr/share/man/man1/;
			dstSubfolderSpec = 0;
			files = (
			);
			runOnlyForDeploymentPostprocessing = 1;
		};
/* End PBXCopyFilesBuildPhase section */

/* Begin PBXFileReference section */
		D43767A7241038CF00AF87D0 /* hw2.cpp */ = {isa = PBXFileReference; lastKnownFileType = sourcecode.cpp.cpp; path = hw2.cpp; sourceTree = "<group>"; };
		D43767A8241038D800AF87D0 /* David.obj */ = {isa = PBXFileReference; lastKnownFileType = text; name = David.obj; path = "../Programming 2/David.obj"; sourceTree = "<group>"; };
		D43767B5241038E300AF87D0 /* Programming 2 */ = {isa = PBXFileReference; explicitFileType = "compiled.mach-o.executable"; includeInIndex = 0; path = "Programming 2"; sourceTree = BUILT_PRODUCTS_DIR; };
		D43767B624103A8400AF87D0 /* HW2_Description.pdf */ = {isa = PBXFileReference; lastKnownFileType = image.pdf; path = HW2_Description.pdf; sourceTree = "<group>"; };
		D43767BC24103BA100AF87D0 /* Ex3_MeshLib.cpp */ = {isa = PBXFileReference; fileEncoding = 4; lastKnownFileType = sourcecode.cpp.cpp; path = Ex3_MeshLib.cpp; sourceTree = "<group>"; };
		D43767BD24103BA100AF87D0 /* Mesh_Net.obj */ = {isa = PBXFileReference; fileEncoding = 4; lastKnownFileType = text; path = Mesh_Net.obj; sourceTree = "<group>"; };
		D43767BE24103BA100AF87D0 /* Ex1_MeshLib.cpp */ = {isa = PBXFileReference; fileEncoding = 4; lastKnownFileType = sourcecode.cpp.cpp; path = Ex1_MeshLib.cpp; sourceTree = "<group>"; };
		D43767BF24103BA100AF87D0 /* ReadMe.txt */ = {isa = PBXFileReference; fileEncoding = 4; lastKnownFileType = text; path = ReadMe.txt; sourceTree = "<group>"; };
		D43767C024103BA100AF87D0 /* Ex2_MeshLib.cpp */ = {isa = PBXFileReference; fileEncoding = 4; lastKnownFileType = sourcecode.cpp.cpp; path = Ex2_MeshLib.cpp; sourceTree = "<group>"; };
		D43767C224103BA100AF87D0 /* Vertex.h */ = {isa = PBXFileReference; fileEncoding = 4; lastKnownFileType = sourcecode.c.h; path = Vertex.h; sourceTree = "<group>"; };
		D43767C324103BA100AF87D0 /* Mesh.cpp */ = {isa = PBXFileReference; fileEncoding = 4; lastKnownFileType = sourcecode.cpp.cpp; path = Mesh.cpp; sourceTree = "<group>"; };
		D43767C424103BA100AF87D0 /* Edge.h */ = {isa = PBXFileReference; fileEncoding = 4; lastKnownFileType = sourcecode.c.h; path = Edge.h; sourceTree = "<group>"; };
		D43767C524103BA100AF87D0 /* Point.h */ = {isa = PBXFileReference; fileEncoding = 4; lastKnownFileType = sourcecode.c.h; path = Point.h; sourceTree = "<group>"; };
		D43767C624103BA100AF87D0 /* Mesh.h */ = {isa = PBXFileReference; fileEncoding = 4; lastKnownFileType = sourcecode.c.h; path = Mesh.h; sourceTree = "<group>"; };
		D43767C724103BA100AF87D0 /* Halfedge.h */ = {isa = PBXFileReference; fileEncoding = 4; lastKnownFileType = sourcecode.c.h; path = Halfedge.h; sourceTree = "<group>"; };
		D43767C824103BA100AF87D0 /* Iterators.h */ = {isa = PBXFileReference; fileEncoding = 4; lastKnownFileType = sourcecode.c.h; path = Iterators.h; sourceTree = "<group>"; };
		D43767C924103BA100AF87D0 /* Vertex.cpp */ = {isa = PBXFileReference; fileEncoding = 4; lastKnownFileType = sourcecode.cpp.cpp; path = Vertex.cpp; sourceTree = "<group>"; };
		D43767CA24103BA100AF87D0 /* Face.h */ = {isa = PBXFileReference; fileEncoding = 4; lastKnownFileType = sourcecode.c.h; path = Face.h; sourceTree = "<group>"; };
		D4C301AF23EB5619005380E3 /* HW1.pdf */ = {isa = PBXFileReference; lastKnownFileType = image.pdf; path = HW1.pdf; sourceTree = "<group>"; };
		D4E8125523EA05FE00B90200 /* Programming 1 */ = {isa = PBXFileReference; explicitFileType = "compiled.mach-o.executable"; includeInIndex = 0; path = "Programming 1"; sourceTree = BUILT_PRODUCTS_DIR; };
		D4E8125823EA05FE00B90200 /* hw1.cpp */ = {isa = PBXFileReference; lastKnownFileType = sourcecode.cpp.cpp; path = hw1.cpp; sourceTree = "<group>"; };
		D4E8125F23EA101900B90200 /* bunny.obj */ = {isa = PBXFileReference; lastKnownFileType = text; path = bunny.obj; sourceTree = "<group>"; };
		D4E8126023EA101900B90200 /* camel.obj */ = {isa = PBXFileReference; lastKnownFileType = text; path = camel.obj; sourceTree = "<group>"; };
		D4E8126123EA101900B90200 /* David.obj */ = {isa = PBXFileReference; lastKnownFileType = text; path = David.obj; sourceTree = "<group>"; };
		D4E8126223EA101900B90200 /* horse.obj */ = {isa = PBXFileReference; lastKnownFileType = text; path = horse.obj; sourceTree = "<group>"; };
		D4E8126323EA101900B90200 /* Susan.obj */ = {isa = PBXFileReference; lastKnownFileType = text; path = Susan.obj; sourceTree = "<group>"; };
		D4E8126423EA102400B90200 /* testOBJ.txt */ = {isa = PBXFileReference; lastKnownFileType = text; path = testOBJ.txt; sourceTree = "<group>"; };
		D4E8126623EA231F00B90200 /* GLUT.framework */ = {isa = PBXFileReference; lastKnownFileType = wrapper.framework; name = GLUT.framework; path = System/Library/Frameworks/GLUT.framework; sourceTree = SDKROOT; };
		D4E8126823EA232400B90200 /* GLKit.framework */ = {isa = PBXFileReference; lastKnownFileType = wrapper.framework; name = GLKit.framework; path = System/Library/Frameworks/GLKit.framework; sourceTree = SDKROOT; };
		D4E8126A23EA232900B90200 /* OpenGL.framework */ = {isa = PBXFileReference; lastKnownFileType = wrapper.framework; name = OpenGL.framework; path = System/Library/Frameworks/OpenGL.framework; sourceTree = SDKROOT; };
		D4E8126C23EA232F00B90200 /* Cocoa.framework */ = {isa = PBXFileReference; lastKnownFileType = wrapper.framework; name = Cocoa.framework; path = System/Library/Frameworks/Cocoa.framework; sourceTree = SDKROOT; };
/* End PBXFileReference section */

/* Begin PBXFrameworksBuildPhase section */
		D43767AC241038E300AF87D0 /* Frameworks */ = {
			isa = PBXFrameworksBuildPhase;
			buildActionMask = 2147483647;
			files = (
				D43767AD241038E300AF87D0 /* Cocoa.framework in Frameworks */,
				D43767AE241038E300AF87D0 /* GLKit.framework in Frameworks */,
				D43767AF241038E300AF87D0 /* GLUT.framework in Frameworks */,
				D43767B0241038E300AF87D0 /* OpenGL.framework in Frameworks */,
			);
			runOnlyForDeploymentPostprocessing = 0;
		};
		D4E8125223EA05FE00B90200 /* Frameworks */ = {
			isa = PBXFrameworksBuildPhase;
			buildActionMask = 2147483647;
			files = (
				D4E8126D23EA232F00B90200 /* Cocoa.framework in Frameworks */,
				D4E8126923EA232400B90200 /* GLKit.framework in Frameworks */,
				D4E8126723EA231F00B90200 /* GLUT.framework in Frameworks */,
				D4E8126B23EA232900B90200 /* OpenGL.framework in Frameworks */,
			);
			runOnlyForDeploymentPostprocessing = 0;
		};
/* End PBXFrameworksBuildPhase section */

/* Begin PBXGroup section */
		D43767A6241038C800AF87D0 /* Programming 2 */ = {
			isa = PBXGroup;
			children = (
				D43767BB24103BA100AF87D0 /* ExampleCodes_using_MeshLib */,
				D43767C124103BA100AF87D0 /* MeshLib_Core */,
				D43767B624103A8400AF87D0 /* HW2_Description.pdf */,
				D43767A7241038CF00AF87D0 /* hw2.cpp */,
			);
			path = "Programming 2";
			sourceTree = "<group>";
		};
		D43767BB24103BA100AF87D0 /* ExampleCodes_using_MeshLib */ = {
			isa = PBXGroup;
			children = (
				D43767BE24103BA100AF87D0 /* Ex1_MeshLib.cpp */,
				D43767C024103BA100AF87D0 /* Ex2_MeshLib.cpp */,
				D43767BC24103BA100AF87D0 /* Ex3_MeshLib.cpp */,
				D43767BD24103BA100AF87D0 /* Mesh_Net.obj */,
				D43767BF24103BA100AF87D0 /* ReadMe.txt */,
			);
			path = ExampleCodes_using_MeshLib;
			sourceTree = "<group>";
		};
		D43767C124103BA100AF87D0 /* MeshLib_Core */ = {
			isa = PBXGroup;
			children = (
				D43767C224103BA100AF87D0 /* Vertex.h */,
				D43767C524103BA100AF87D0 /* Point.h */,
				D43767C724103BA100AF87D0 /* Halfedge.h */,
				D43767C424103BA100AF87D0 /* Edge.h */,
				D43767C624103BA100AF87D0 /* Mesh.h */,
				D43767C824103BA100AF87D0 /* Iterators.h */,
				D43767CA24103BA100AF87D0 /* Face.h */,
				D43767C324103BA100AF87D0 /* Mesh.cpp */,
				D43767C924103BA100AF87D0 /* Vertex.cpp */,
			);
			path = MeshLib_Core;
			sourceTree = "<group>";
		};
		D4985ECC241456E200A56C4A /* OBJMeshes */ = {
			isa = PBXGroup;
			children = (
				D43767A8241038D800AF87D0 /* David.obj */,
				D4E8125F23EA101900B90200 /* bunny.obj */,
				D4E8126023EA101900B90200 /* camel.obj */,
				D4E8126123EA101900B90200 /* David.obj */,
				D4E8126223EA101900B90200 /* horse.obj */,
				D4E8126323EA101900B90200 /* Susan.obj */,
				D4E8126423EA102400B90200 /* testOBJ.txt */,
			);
			path = OBJMeshes;
			sourceTree = "<group>";
		};
		D4E8124C23EA05FE00B90200 = {
			isa = PBXGroup;
			children = (
				D4985ECC241456E200A56C4A /* OBJMeshes */,
				D43767A6241038C800AF87D0 /* Programming 2 */,
				D4E8125723EA05FE00B90200 /* Programming 1 */,
				D4E8125623EA05FE00B90200 /* Products */,
				D4E8126523EA231F00B90200 /* Frameworks */,
			);
			sourceTree = "<group>";
		};
		D4E8125623EA05FE00B90200 /* Products */ = {
			isa = PBXGroup;
			children = (
				D4E8125523EA05FE00B90200 /* Programming 1 */,
				D43767B5241038E300AF87D0 /* Programming 2 */,
			);
			name = Products;
			sourceTree = "<group>";
		};
		D4E8125723EA05FE00B90200 /* Programming 1 */ = {
			isa = PBXGroup;
			children = (
				D4C301AF23EB5619005380E3 /* HW1.pdf */,
				D4E8125823EA05FE00B90200 /* hw1.cpp */,
			);
			path = "Programming 1";
			sourceTree = "<group>";
		};
		D4E8126523EA231F00B90200 /* Frameworks */ = {
			isa = PBXGroup;
			children = (
				D4E8126C23EA232F00B90200 /* Cocoa.framework */,
				D4E8126A23EA232900B90200 /* OpenGL.framework */,
				D4E8126823EA232400B90200 /* GLKit.framework */,
				D4E8126623EA231F00B90200 /* GLUT.framework */,
			);
			name = Frameworks;
			sourceTree = "<group>";
		};
/* End PBXGroup section */

/* Begin PBXNativeTarget section */
		D43767A9241038E300AF87D0 /* Programming 2 */ = {
			isa = PBXNativeTarget;
			buildConfigurationList = D43767B2241038E300AF87D0 /* Build configuration list for PBXNativeTarget "Programming 2" */;
			buildPhases = (
				D43767AA241038E300AF87D0 /* Sources */,
				D43767AC241038E300AF87D0 /* Frameworks */,
				D43767B1241038E300AF87D0 /* CopyFiles */,
			);
			buildRules = (
			);
			dependencies = (
			);
			name = "Programming 2";
			productName = "EE 4730 programming 1";
			productReference = D43767B5241038E300AF87D0 /* Programming 2 */;
			productType = "com.apple.product-type.tool";
		};
		D4E8125423EA05FE00B90200 /* Programming 1 */ = {
			isa = PBXNativeTarget;
			buildConfigurationList = D4E8125C23EA05FE00B90200 /* Build configuration list for PBXNativeTarget "Programming 1" */;
			buildPhases = (
				D4E8125123EA05FE00B90200 /* Sources */,
				D4E8125223EA05FE00B90200 /* Frameworks */,
				D4E8125323EA05FE00B90200 /* CopyFiles */,
			);
			buildRules = (
			);
			dependencies = (
			);
			name = "Programming 1";
			productName = "EE 4730 programming 1";
			productReference = D4E8125523EA05FE00B90200 /* Programming 1 */;
			productType = "com.apple.product-type.tool";
		};
/* End PBXNativeTarget section */

/* Begin PBXProject section */
		D4E8124D23EA05FE00B90200 /* Project object */ = {
			isa = PBXProject;
			attributes = {
				LastUpgradeCheck = 1130;
				ORGANIZATIONNAME = "Pierre Gabory";
				TargetAttributes = {
					D4E8125423EA05FE00B90200 = {
						CreatedOnToolsVersion = 11.3.1;
					};
				};
			};
			buildConfigurationList = D4E8125023EA05FE00B90200 /* Build configuration list for PBXProject "EE 4730 programming assignments" */;
			compatibilityVersion = "Xcode 9.3";
			developmentRegion = en;
			hasScannedForEncodings = 0;
			knownRegions = (
				en,
				Base,
			);
			mainGroup = D4E8124C23EA05FE00B90200;
			productRefGroup = D4E8125623EA05FE00B90200 /* Products */;
			projectDirPath = "";
			projectRoot = "";
			targets = (
				D4E8125423EA05FE00B90200 /* Programming 1 */,
				D43767A9241038E300AF87D0 /* Programming 2 */,
			);
		};
/* End PBXProject section */

/* Begin PBXSourcesBuildPhase section */
		D43767AA241038E300AF87D0 /* Sources */ = {
			isa = PBXSourcesBuildPhase;
			buildActionMask = 2147483647;
			files = (
				D43767CF24103BA100AF87D0 /* Vertex.cpp in Sources */,
				D43767D124103EE100AF87D0 /* hw2.cpp in Sources */,
				D43767CE24103BA100AF87D0 /* Mesh.cpp in Sources */,
			);
			runOnlyForDeploymentPostprocessing = 0;
		};
		D4E8125123EA05FE00B90200 /* Sources */ = {
			isa = PBXSourcesBuildPhase;
			buildActionMask = 2147483647;
			files = (
				D43767B924103AE700AF87D0 /* hw1.cpp in Sources */,
			);
			runOnlyForDeploymentPostprocessing = 0;
		};
/* End PBXSourcesBuildPhase section */

/* Begin XCBuildConfiguration section */
		D43767B3241038E300AF87D0 /* Debug */ = {
			isa = XCBuildConfiguration;
			buildSettings = {
				CODE_SIGN_STYLE = Automatic;
				DEVELOPMENT_TEAM = GJ3CB2MZ43;
				ENABLE_HARDENED_RUNTIME = YES;
				PRODUCT_NAME = "$(TARGET_NAME)";
			};
			name = Debug;
		};
		D43767B4241038E300AF87D0 /* Release */ = {
			isa = XCBuildConfiguration;
			buildSettings = {
				CODE_SIGN_STYLE = Automatic;
				DEVELOPMENT_TEAM = GJ3CB2MZ43;
				ENABLE_HARDENED_RUNTIME = YES;
				PRODUCT_NAME = "$(TARGET_NAME)";
			};
			name = Release;
		};
		D4E8125A23EA05FE00B90200 /* Debug */ = {
			isa = XCBuildConfiguration;
			buildSettings = {
				ALWAYS_SEARCH_USER_PATHS = NO;
				CLANG_ANALYZER_NONNULL = YES;
				CLANG_ANALYZER_NUMBER_OBJECT_CONVERSION = YES_AGGRESSIVE;
				CLANG_CXX_LANGUAGE_STANDARD = "gnu++14";
				CLANG_CXX_LIBRARY = "libc++";
				CLANG_ENABLE_MODULES = YES;
				CLANG_ENABLE_OBJC_ARC = YES;
				CLANG_ENABLE_OBJC_WEAK = YES;
				CLANG_WARN_BLOCK_CAPTURE_AUTORELEASING = YES;
				CLANG_WARN_BOOL_CONVERSION = YES;
				CLANG_WARN_COMMA = YES;
				CLANG_WARN_CONSTANT_CONVERSION = YES;
				CLANG_WARN_DEPRECATED_OBJC_IMPLEMENTATIONS = YES;
				CLANG_WARN_DIRECT_OBJC_ISA_USAGE = YES_ERROR;
				CLANG_WARN_DOCUMENTATION_COMMENTS = YES;
				CLANG_WARN_EMPTY_BODY = YES;
				CLANG_WARN_ENUM_CONVERSION = YES;
				CLANG_WARN_INFINITE_RECURSION = YES;
				CLANG_WARN_INT_CONVERSION = YES;
				CLANG_WARN_NON_LITERAL_NULL_CONVERSION = YES;
				CLANG_WARN_OBJC_IMPLICIT_RETAIN_SELF = YES;
				CLANG_WARN_OBJC_LITERAL_CONVERSION = YES;
				CLANG_WARN_OBJC_ROOT_CLASS = YES_ERROR;
				CLANG_WARN_RANGE_LOOP_ANALYSIS = YES;
				CLANG_WARN_STRICT_PROTOTYPES = YES;
				CLANG_WARN_SUSPICIOUS_MOVE = YES;
				CLANG_WARN_UNGUARDED_AVAILABILITY = YES_AGGRESSIVE;
				CLANG_WARN_UNREACHABLE_CODE = YES;
				CLANG_WARN__DUPLICATE_METHOD_MATCH = YES;
				COPY_PHASE_STRIP = NO;
				DEBUG_INFORMATION_FORMAT = dwarf;
				ENABLE_STRICT_OBJC_MSGSEND = YES;
				ENABLE_TESTABILITY = YES;
				GCC_C_LANGUAGE_STANDARD = gnu11;
				GCC_DYNAMIC_NO_PIC = NO;
				GCC_NO_COMMON_BLOCKS = YES;
				GCC_OPTIMIZATION_LEVEL = 0;
				GCC_PREPROCESSOR_DEFINITIONS = (
					"DEBUG=1",
					"$(inherited)",
				);
				GCC_WARN_64_TO_32_BIT_CONVERSION = YES;
				GCC_WARN_ABOUT_RETURN_TYPE = YES_ERROR;
				GCC_WARN_UNDECLARED_SELECTOR = YES;
				GCC_WARN_UNINITIALIZED_AUTOS = YES_AGGRESSIVE;
				GCC_WARN_UNUSED_FUNCTION = YES;
				GCC_WARN_UNUSED_VARIABLE = YES;
				MACOSX_DEPLOYMENT_TARGET = 10.15;
				MTL_ENABLE_DEBUG_INFO = INCLUDE_SOURCE;
				MTL_FAST_MATH = YES;
				ONLY_ACTIVE_ARCH = YES;
				SDKROOT = macosx;
			};
			name = Debug;
		};
		D4E8125B23EA05FE00B90200 /* Release */ = {
			isa = XCBuildConfiguration;
			buildSettings = {
				ALWAYS_SEARCH_USER_PATHS = NO;
				CLANG_ANALYZER_NONNULL = YES;
				CLANG_ANALYZER_NUMBER_OBJECT_CONVERSION = YES_AGGRESSIVE;
				CLANG_CXX_LANGUAGE_STANDARD = "gnu++14";
				CLANG_CXX_LIBRARY = "libc++";
				CLANG_ENABLE_MODULES = YES;
				CLANG_ENABLE_OBJC_ARC = YES;
				CLANG_ENABLE_OBJC_WEAK = YES;
				CLANG_WARN_BLOCK_CAPTURE_AUTORELEASING = YES;
				CLANG_WARN_BOOL_CONVERSION = YES;
				CLANG_WARN_COMMA = YES;
				CLANG_WARN_CONSTANT_CONVERSION = YES;
				CLANG_WARN_DEPRECATED_OBJC_IMPLEMENTATIONS = YES;
				CLANG_WARN_DIRECT_OBJC_ISA_USAGE = YES_ERROR;
				CLANG_WARN_DOCUMENTATION_COMMENTS = YES;
				CLANG_WARN_EMPTY_BODY = YES;
				CLANG_WARN_ENUM_CONVERSION = YES;
				CLANG_WARN_INFINITE_RECURSION = YES;
				CLANG_WARN_INT_CONVERSION = YES;
				CLANG_WARN_NON_LITERAL_NULL_CONVERSION = YES;
				CLANG_WARN_OBJC_IMPLICIT_RETAIN_SELF = YES;
				CLANG_WARN_OBJC_LITERAL_CONVERSION = YES;
				CLANG_WARN_OBJC_ROOT_CLASS = YES_ERROR;
				CLANG_WARN_RANGE_LOOP_ANALYSIS = YES;
				CLANG_WARN_STRICT_PROTOTYPES = YES;
				CLANG_WARN_SUSPICIOUS_MOVE = YES;
				CLANG_WARN_UNGUARDED_AVAILABILITY = YES_AGGRESSIVE;
				CLANG_WARN_UNREACHABLE_CODE = YES;
				CLANG_WARN__DUPLICATE_METHOD_MATCH = YES;
				COPY_PHASE_STRIP = NO;
				DEBUG_INFORMATION_FORMAT = "dwarf-with-dsym";
				ENABLE_NS_ASSERTIONS = NO;
				ENABLE_STRICT_OBJC_MSGSEND = YES;
				GCC_C_LANGUAGE_STANDARD = gnu11;
				GCC_NO_COMMON_BLOCKS = YES;
				GCC_WARN_64_TO_32_BIT_CONVERSION = YES;
				GCC_WARN_ABOUT_RETURN_TYPE = YES_ERROR;
				GCC_WARN_UNDECLARED_SELECTOR = YES;
				GCC_WARN_UNINITIALIZED_AUTOS = YES_AGGRESSIVE;
				GCC_WARN_UNUSED_FUNCTION = YES;
				GCC_WARN_UNUSED_VARIABLE = YES;
				MACOSX_DEPLOYMENT_TARGET = 10.15;
				MTL_ENABLE_DEBUG_INFO = NO;
				MTL_FAST_MATH = YES;
				SDKROOT = macosx;
			};
			name = Release;
		};
		D4E8125D23EA05FE00B90200 /* Debug */ = {
			isa = XCBuildConfiguration;
			buildSettings = {
				CODE_SIGN_STYLE = Automatic;
				DEVELOPMENT_TEAM = GJ3CB2MZ43;
				ENABLE_HARDENED_RUNTIME = YES;
				PRODUCT_NAME = "$(TARGET_NAME)";
			};
			name = Debug;
		};
		D4E8125E23EA05FE00B90200 /* Release */ = {
			isa = XCBuildConfiguration;
			buildSettings = {
				CODE_SIGN_STYLE = Automatic;
				DEVELOPMENT_TEAM = GJ3CB2MZ43;
				ENABLE_HARDENED_RUNTIME = YES;
				PRODUCT_NAME = "$(TARGET_NAME)";
			};
			name = Release;
		};
/* End XCBuildConfiguration section */

/* Begin XCConfigurationList section */
		D43767B2241038E300AF87D0 /* Build configuration list for PBXNativeTarget "Programming 2" */ = {
			isa = XCConfigurationList;
			buildConfigurations = (
				D43767B3241038E300AF87D0 /* Debug */,
				D43767B4241038E300AF87D0 /* Release */,
			);
			defaultConfigurationIsVisible = 0;
			defaultConfigurationName = Release;
		};
		D4E8125023EA05FE00B90200 /* Build configuration list for PBXProject "EE 4730 programming assignments" */ = {
			isa = XCConfigurationList;
			buildConfigurations = (
				D4E8125A23EA05FE00B90200 /* Debug */,
				D4E8125B23EA05FE00B90200 /* Release */,
			);
			defaultConfigurationIsVisible = 0;
			defaultConfigurationName = Release;
		};
		D4E8125C23EA05FE00B90200 /* Build configuration list for PBXNativeTarget "Programming 1" */ = {
			isa = XCConfigurationList;
			buildConfigurations = (
				D4E8125D23EA05FE00B90200 /* Debug */,
				D4E8125E23EA05FE00B90200 /* Release */,
			);
			defaultConfigurationIsVisible = 0;
			defaultConfigurationName = Release;
		};
/* End XCConfigurationList section */
	};
	rootObject = D4E8124D23EA05FE00B90200 /* Project object */;
}
